
Microsoft Visual Studio Solution File, Format Version 11.00
# Visual Studio 2010
Project("{FAE04EC0-301F-11D3-BF4B-00C04F79EFBC}") = "Monopoly", "Monopoly\Monopoly.csproj", "{423CA53B-7243-4C58-9E7F-438C88045225}"
EndProject
Project("{54435603-DBB4-11D2-8724-00A0C9A8B90C}") = "Monopoly V.1.0", "Monopoly V.1.0\Monopoly V.1.0.vdproj", "{0DF639CB-D21E-4A12-B745-7A378C5418E6}"
EndProject
Global
	GlobalSection(SolutionConfigurationPlatforms) = preSolution
		Debug|x86 = Debug|x86
		Release|x86 = Release|x86
	EndGlobalSection
	GlobalSection(ProjectConfigurationPlatforms) = postSolution
		{423CA53B-7243-4C58-9E7F-438C88045225}.Debug|x86.ActiveCfg = Debug|x86
		{423CA53B-7243-4C58-9E7F-438C88045225}.Debug|x86.Build.0 = Debug|x86
		{423CA53B-7243-4C58-9E7F-438C88045225}.Release|x86.ActiveCfg = Release|x86
		{423CA53B-7243-4C58-9E7F-438C88045225}.Release|x86.Build.0 = Release|x86
		{0DF639CB-D21E-4A12-B745-7A378C5418E6}.Debug|x86.ActiveCfg = Debug
		{0DF639CB-D21E-4A12-B745-7A378C5418E6}.Release|x86.ActiveCfg = Release
	EndGlobalSection
	GlobalSection(SolutionProperties) = preSolution
		HideSolutionNode = FALSE
	EndGlobalSection
EndGlobal
